{
  "name": "day_07",
  "lockfileVersion": 3,
  "requires": true,
  "packages": {
    "": {
      "name": "day_07",
      "devDependencies": {
        "@types/node": "^20.10.4",
        "bun-types": "latest"
      },
      "peerDependencies": {
        "typescript": "^5.0.0"
      }
    },
    "node_modules/@types/node": {
      "version": "20.10.4",
      "resolved": "https://registry.npmjs.org/@types/node/-/node-20.10.4.tgz",
      "integrity": "sha512-D08YG6rr8X90YB56tSIuBaddy/UXAA9RKJoFvrsnogAum/0pmjkgi4+2nx96A330FmioegBWmEYQ+syqCFaveg==",
      "dev": true,
      "dependencies": {
        "undici-types": "~5.26.4"
      }
    },
    "node_modules/bun-types": {
      "version": "1.0.18",
      "resolved": "https://registry.npmjs.org/bun-types/-/bun-types-1.0.18.tgz",
      "integrity": "sha512-1XZ7AxOF8oO8FZtw1xj006JAKxEjulK3dUhsktZVN95vXBlsf4NIjQxfistVdpt24v3H2I9BwHp+UU+gXSSpAw==",
      "dev": true
    },
    "node_modules/typescript": {
      "version": "5.3.3",
      "license": "Apache-2.0",
      "peer": true,
      "bin": {
        "tsc": "bin/tsc",
        "tsserver": "bin/tsserver"
      },
      "engines": {
        "node": ">=14.17"
      }
    },
    "node_modules/undici-types": {
      "version": "5.26.5",
      "resolved": "https://registry.npmjs.org/undici-types/-/undici-types-5.26.5.tgz",
      "integrity": "sha512-JlCMO+ehdEIKqlFxk6IfVoAUVmgz7cU7zD/h9XZ0qzeosSHmUJVOzSQvvYSYWXkFXC+IfLKSIffhv0sVZup6pA==",
      "dev": true
    }
  }
}
